// !$*UTF8*$!
{
	archiveVersion = 1;
	classes = {
	};
	objectVersion = 46;
	objects = {

/* Begin PBXBuildFile section */
		7E2F13B61B1C301200ADE1D5 /* main.m in Sources */ = {isa = PBXBuildFile; fileRef = 7E2F13B51B1C301200ADE1D5 /* main.m */; };
		7E2F13B91B1C301200ADE1D5 /* AppDelegate.m in Sources */ = {isa = PBXBuildFile; fileRef = 7E2F13B81B1C301200ADE1D5 /* AppDelegate.m */; };
		7E2F13BC1B1C301300ADE1D5 /* ViewController.m in Sources */ = {isa = PBXBuildFile; fileRef = 7E2F13BB1B1C301300ADE1D5 /* ViewController.m */; };
		7E2F13BF1B1C301B00ADE1D5 /* Main.storyboard in Resources */ = {isa = PBXBuildFile; fileRef = 7E2F13BD1B1C301B00ADE1D5 /* Main.storyboard */; };
		7E2F13C11B1C301B00ADE1D5 /* Images.xcassets in Resources */ = {isa = PBXBuildFile; fileRef = 7E2F13C01B1C301B00ADE1D5 /* Images.xcassets */; };
		7E2F13C41B1C301B00ADE1D5 /* LaunchScreen.xib in Resources */ = {isa = PBXBuildFile; fileRef = 7E2F13C21B1C301B00ADE1D5 /* LaunchScreen.xib */; };
		7E2F13D01B1C301B00ADE1D5 /* FtrackerTests.m in Sources */ = {isa = PBXBuildFile; fileRef = 7E2F13CF1B1C301B00ADE1D5 /* FtrackerTests.m */; };
		7EA055CF1B56323B00F091B3 /* Fabric.framework in Frameworks */ = {isa = PBXBuildFile; fileRef = 7EA055CD1B56323B00F091B3 /* Fabric.framework */; };
		7EA055D01B56323B00F091B3 /* Crashlytics.framework in Frameworks */ = {isa = PBXBuildFile; fileRef = 7EA055CE1B56323B00F091B3 /* Crashlytics.framework */; };
		7EEC02711B2D3D5F00CAF0C2 /* LocationShareModel.m in Sources */ = {isa = PBXBuildFile; fileRef = 7EEC02701B2D3D5F00CAF0C2 /* LocationShareModel.m */; };
/* End PBXBuildFile section */

/* Begin PBXContainerItemProxy section */
		7E2F13CA1B1C301B00ADE1D5 /* PBXContainerItemProxy */ = {
			isa = PBXContainerItemProxy;
			containerPortal = 7E2F13A81B1C301200ADE1D5 /* Project object */;
			proxyType = 1;
			remoteGlobalIDString = 7E2F13AF1B1C301200ADE1D5;
			remoteInfo = Ftracker;
		};
/* End PBXContainerItemProxy section */

/* Begin PBXFileReference section */
		7E2F13B01B1C301200ADE1D5 /* Ftracker.app */ = {isa = PBXFileReference; explicitFileType = wrapper.application; includeInIndex = 0; path = Ftracker.app; sourceTree = BUILT_PRODUCTS_DIR; };
		7E2F13B41B1C301200ADE1D5 /* Info.plist */ = {isa = PBXFileReference; lastKnownFileType = text.plist.xml; path = Info.plist; sourceTree = "<group>"; };
		7E2F13B51B1C301200ADE1D5 /* main.m */ = {isa = PBXFileReference; lastKnownFileType = sourcecode.c.objc; path = main.m; sourceTree = "<group>"; };
		7E2F13B71B1C301200ADE1D5 /* AppDelegate.h */ = {isa = PBXFileReference; lastKnownFileType = sourcecode.c.h; path = AppDelegate.h; sourceTree = "<group>"; };
		7E2F13B81B1C301200ADE1D5 /* AppDelegate.m */ = {isa = PBXFileReference; lastKnownFileType = sourcecode.c.objc; path = AppDelegate.m; sourceTree = "<group>"; };
		7E2F13BA1B1C301300ADE1D5 /* ViewController.h */ = {isa = PBXFileReference; lastKnownFileType = sourcecode.c.h; path = ViewController.h; sourceTree = "<group>"; };
		7E2F13BB1B1C301300ADE1D5 /* ViewController.m */ = {isa = PBXFileReference; lastKnownFileType = sourcecode.c.objc; path = ViewController.m; sourceTree = "<group>"; };
		7E2F13BE1B1C301B00ADE1D5 /* Base */ = {isa = PBXFileReference; lastKnownFileType = file.storyboard; name = Base; path = Base.lproj/Main.storyboard; sourceTree = "<group>"; };
		7E2F13C01B1C301B00ADE1D5 /* Images.xcassets */ = {isa = PBXFileReference; lastKnownFileType = folder.assetcatalog; path = Images.xcassets; sourceTree = "<group>"; };
		7E2F13C31B1C301B00ADE1D5 /* Base */ = {isa = PBXFileReference; lastKnownFileType = file.xib; name = Base; path = Base.lproj/LaunchScreen.xib; sourceTree = "<group>"; };
		7E2F13C91B1C301B00ADE1D5 /* FtrackerTests.xctest */ = {isa = PBXFileReference; explicitFileType = wrapper.cfbundle; includeInIndex = 0; path = FtrackerTests.xctest; sourceTree = BUILT_PRODUCTS_DIR; };
		7E2F13CE1B1C301B00ADE1D5 /* Info.plist */ = {isa = PBXFileReference; lastKnownFileType = text.plist.xml; path = Info.plist; sourceTree = "<group>"; };
		7E2F13CF1B1C301B00ADE1D5 /* FtrackerTests.m */ = {isa = PBXFileReference; lastKnownFileType = sourcecode.c.objc; path = FtrackerTests.m; sourceTree = "<group>"; };
		7EA055CD1B56323B00F091B3 /* Fabric.framework */ = {isa = PBXFileReference; lastKnownFileType = wrapper.framework; path = Fabric.framework; sourceTree = "<group>"; };
		7EA055CE1B56323B00F091B3 /* Crashlytics.framework */ = {isa = PBXFileReference; lastKnownFileType = wrapper.framework; path = Crashlytics.framework; sourceTree = "<group>"; };
		7EEC026F1B2D3D5F00CAF0C2 /* LocationShareModel.h */ = {isa = PBXFileReference; fileEncoding = 4; lastKnownFileType = sourcecode.c.h; path = LocationShareModel.h; sourceTree = "<group>"; };
		7EEC02701B2D3D5F00CAF0C2 /* LocationShareModel.m */ = {isa = PBXFileReference; fileEncoding = 4; lastKnownFileType = sourcecode.c.objc; path = LocationShareModel.m; sourceTree = "<group>"; };
/* End PBXFileReference section */

/* Begin PBXFrameworksBuildPhase section */
		7E2F13AD1B1C301200ADE1D5 /* Frameworks */ = {
			isa = PBXFrameworksBuildPhase;
			buildActionMask = 2147483647;
			files = (
				7EA055D01B56323B00F091B3 /* Crashlytics.framework in Frameworks */,
				7EA055CF1B56323B00F091B3 /* Fabric.framework in Frameworks */,
			);
			runOnlyForDeploymentPostprocessing = 0;
		};
		7E2F13C61B1C301B00ADE1D5 /* Frameworks */ = {
			isa = PBXFrameworksBuildPhase;
			buildActionMask = 2147483647;
			files = (
			);
			runOnlyForDeploymentPostprocessing = 0;
		};
/* End PBXFrameworksBuildPhase section */

/* Begin PBXGroup section */
		7E2F13A71B1C301200ADE1D5 = {
			isa = PBXGroup;
			children = (
				7EA055CD1B56323B00F091B3 /* Fabric.framework */,
				7EA055CE1B56323B00F091B3 /* Crashlytics.framework */,
				7E2F13B21B1C301200ADE1D5 /* Ftracker */,
				7E2F13CC1B1C301B00ADE1D5 /* FtrackerTests */,
				7E2F13B11B1C301200ADE1D5 /* Products */,
			);
			sourceTree = "<group>";
		};
		7E2F13B11B1C301200ADE1D5 /* Products */ = {
			isa = PBXGroup;
			children = (
				7E2F13B01B1C301200ADE1D5 /* Ftracker.app */,
				7E2F13C91B1C301B00ADE1D5 /* FtrackerTests.xctest */,
			);
			name = Products;
			sourceTree = "<group>";
		};
		7E2F13B21B1C301200ADE1D5 /* Ftracker */ = {
			isa = PBXGroup;
			children = (
				7E2F13B71B1C301200ADE1D5 /* AppDelegate.h */,
				7E2F13B81B1C301200ADE1D5 /* AppDelegate.m */,
				7E2F13BA1B1C301300ADE1D5 /* ViewController.h */,
				7E2F13BB1B1C301300ADE1D5 /* ViewController.m */,
				7EEC026F1B2D3D5F00CAF0C2 /* LocationShareModel.h */,
				7EEC02701B2D3D5F00CAF0C2 /* LocationShareModel.m */,
				7E2F13BD1B1C301B00ADE1D5 /* Main.storyboard */,
				7E2F13C01B1C301B00ADE1D5 /* Images.xcassets */,
				7E2F13C21B1C301B00ADE1D5 /* LaunchScreen.xib */,
				7E2F13B31B1C301200ADE1D5 /* Supporting Files */,
			);
			path = Ftracker;
			sourceTree = "<group>";
		};
		7E2F13B31B1C301200ADE1D5 /* Supporting Files */ = {
			isa = PBXGroup;
			children = (
				7E2F13B41B1C301200ADE1D5 /* Info.plist */,
				7E2F13B51B1C301200ADE1D5 /* main.m */,
			);
			name = "Supporting Files";
			sourceTree = "<group>";
		};
		7E2F13CC1B1C301B00ADE1D5 /* FtrackerTests */ = {
			isa = PBXGroup;
			children = (
				7E2F13CF1B1C301B00ADE1D5 /* FtrackerTests.m */,
				7E2F13CD1B1C301B00ADE1D5 /* Supporting Files */,
			);
			path = FtrackerTests;
			sourceTree = "<group>";
		};
		7E2F13CD1B1C301B00ADE1D5 /* Supporting Files */ = {
			isa = PBXGroup;
			children = (
				7E2F13CE1B1C301B00ADE1D5 /* Info.plist */,
			);
			name = "Supporting Files";
			sourceTree = "<group>";
		};
/* End PBXGroup section */

/* Begin PBXNativeTarget section */
		7E2F13AF1B1C301200ADE1D5 /* Ftracker */ = {
			isa = PBXNativeTarget;
			buildConfigurationList = 7E2F13D31B1C301B00ADE1D5 /* Build configuration list for PBXNativeTarget "Ftracker" */;
			buildPhases = (
				7E2F13AC1B1C301200ADE1D5 /* Sources */,
				7E2F13AD1B1C301200ADE1D5 /* Frameworks */,
				7E2F13AE1B1C301200ADE1D5 /* Resources */,
				7EA055CC1B5631F400F091B3 /* ShellScript */,
			);
			buildRules = (
			);
			dependencies = (
			);
			name = Ftracker;
			productName = Ftracker;
			productReference = 7E2F13B01B1C301200ADE1D5 /* Ftracker.app */;
			productType = "com.apple.product-type.application";
		};
		7E2F13C81B1C301B00ADE1D5 /* FtrackerTests */ = {
			isa = PBXNativeTarget;
			buildConfigurationList = 7E2F13D61B1C301B00ADE1D5 /* Build configuration list for PBXNativeTarget "FtrackerTests" */;
			buildPhases = (
				7E2F13C51B1C301B00ADE1D5 /* Sources */,
				7E2F13C61B1C301B00ADE1D5 /* Frameworks */,
				7E2F13C71B1C301B00ADE1D5 /* Resources */,
			);
			buildRules = (
			);
			dependencies = (
				7E2F13CB1B1C301B00ADE1D5 /* PBXTargetDependency */,
			);
			name = FtrackerTests;
			productName = FtrackerTests;
			productReference = 7E2F13C91B1C301B00ADE1D5 /* FtrackerTests.xctest */;
			productType = "com.apple.product-type.bundle.unit-test";
		};
/* End PBXNativeTarget section */

/* Begin PBXProject section */
		7E2F13A81B1C301200ADE1D5 /* Project object */ = {
			isa = PBXProject;
			attributes = {
				LastUpgradeCheck = 0630;
				ORGANIZATIONNAME = "VADIM KASSIN";
				TargetAttributes = {
					7E2F13AF1B1C301200ADE1D5 = {
						CreatedOnToolsVersion = 6.3.2;
						DevelopmentTeam = 426QV2D7WG;
						SystemCapabilities = {
							com.apple.BackgroundModes = {
								enabled = 1;
							};
						};
					};
					7E2F13C81B1C301B00ADE1D5 = {
						CreatedOnToolsVersion = 6.3.2;
						TestTargetID = 7E2F13AF1B1C301200ADE1D5;
					};
				};
			};
			buildConfigurationList = 7E2F13AB1B1C301200ADE1D5 /* Build configuration list for PBXProject "Ftracker" */;
			compatibilityVersion = "Xcode 3.2";
			developmentRegion = English;
			hasScannedForEncodings = 0;
			knownRegions = (
				en,
				Base,
			);
			mainGroup = 7E2F13A71B1C301200ADE1D5;
			productRefGroup = 7E2F13B11B1C301200ADE1D5 /* Products */;
			projectDirPath = "";
			projectRoot = "";
			targets = (
				7E2F13AF1B1C301200ADE1D5 /* Ftracker */,
				7E2F13C81B1C301B00ADE1D5 /* FtrackerTests */,
			);
		};
/* End PBXProject section */

/* Begin PBXResourcesBuildPhase section */
		7E2F13AE1B1C301200ADE1D5 /* Resources */ = {
			isa = PBXResourcesBuildPhase;
			buildActionMask = 2147483647;
			files = (
				7E2F13BF1B1C301B00ADE1D5 /* Main.storyboard in Resources */,
				7E2F13C41B1C301B00ADE1D5 /* LaunchScreen.xib in Resources */,
				7E2F13C11B1C301B00ADE1D5 /* Images.xcassets in Resources */,
			);
			runOnlyForDeploymentPostprocessing = 0;
		};
		7E2F13C71B1C301B00ADE1D5 /* Resources */ = {
			isa = PBXResourcesBuildPhase;
			buildActionMask = 2147483647;
			files = (
			);
			runOnlyForDeploymentPostprocessing = 0;
		};
/* End PBXResourcesBuildPhase section */

/* Begin PBXShellScriptBuildPhase section */
		7EA055CC1B5631F400F091B3 /* ShellScript */ = {
			isa = PBXShellScriptBuildPhase;
			buildActionMask = 2147483647;
			files = (
			);
			inputPaths = (
			);
			outputPaths = (
			);
			runOnlyForDeploymentPostprocessing = 0;
			shellPath = /bin/sh;
			shellScript = "./Fabric.framework/run 61b97f836813051adca5ca79f27795ff58da96c5 cb21e610491f28b17202b44e90ce49c8b896a6a18bfa739a6f1d93aedfae1078";
		};
/* End PBXShellScriptBuildPhase section */

/* Begin PBXSourcesBuildPhase section */
		7E2F13AC1B1C301200ADE1D5 /* Sources */ = {
			isa = PBXSourcesBuildPhase;
			buildActionMask = 2147483647;
			files = (
				7EEC02711B2D3D5F00CAF0C2 /* LocationShareModel.m in Sources */,
				7E2F13BC1B1C301300ADE1D5 /* ViewController.m in Sources */,
				7E2F13B91B1C301200ADE1D5 /* AppDelegate.m in Sources */,
				7E2F13B61B1C301200ADE1D5 /* main.m in Sources */,
			);
			runOnlyForDeploymentPostprocessing = 0;
		};
		7E2F13C51B1C301B00ADE1D5 /* Sources */ = {
			isa = PBXSourcesBuildPhase;
			buildActionMask = 2147483647;
			files = (
				7E2F13D01B1C301B00ADE1D5 /* FtrackerTests.m in Sources */,
			);
			runOnlyForDeploymentPostprocessing = 0;
		};
/* End PBXSourcesBuildPhase section */

/* Begin PBXTargetDependency section */
		7E2F13CB1B1C301B00ADE1D5 /* PBXTargetDependency */ = {
			isa = PBXTargetDependency;
			target = 7E2F13AF1B1C301200ADE1D5 /* Ftracker */;
			targetProxy = 7E2F13CA1B1C301B00ADE1D5 /* PBXContainerItemProxy */;
		};
/* End PBXTargetDependency section */

/* Begin PBXVariantGroup section */
		7E2F13BD1B1C301B00ADE1D5 /* Main.storyboard */ = {
			isa = PBXVariantGroup;
			children = (
				7E2F13BE1B1C301B00ADE1D5 /* Base */,
			);
			name = Main.storyboard;
			sourceTree = "<group>";
		};
		7E2F13C21B1C301B00ADE1D5 /* LaunchScreen.xib */ = {
			isa = PBXVariantGroup;
			children = (
				7E2F13C31B1C301B00ADE1D5 /* Base */,
			);
			name = LaunchScreen.xib;
			sourceTree = "<group>";
		};
/* End PBXVariantGroup section */

/* Begin XCBuildConfiguration section */
		7E2F13D11B1C301B00ADE1D5 /* Debug */ = {
			isa = XCBuildConfiguration;
			buildSettings = {
				ALWAYS_SEARCH_USER_PATHS = NO;
				CLANG_CXX_LANGUAGE_STANDARD = "gnu++0x";
				CLANG_CXX_LIBRARY = "libc++";
				CLANG_ENABLE_MODULES = YES;
				CLANG_ENABLE_OBJC_ARC = YES;
				CLANG_WARN_BOOL_CONVERSION = YES;
				CLANG_WARN_CONSTANT_CONVERSION = YES;
				CLANG_WARN_DIRECT_OBJC_ISA_USAGE = YES_ERROR;
				CLANG_WARN_EMPTY_BODY = YES;
				CLANG_WARN_ENUM_CONVERSION = YES;
				CLANG_WARN_INT_CONVERSION = YES;
				CLANG_WARN_OBJC_ROOT_CLASS = YES_ERROR;
				CLANG_WARN_UNREACHABLE_CODE = YES;
				CLANG_WARN__DUPLICATE_METHOD_MATCH = YES;
				"CODE_SIGN_IDENTITY[sdk=iphoneos*]" = "iPhone Developer";
				COPY_PHASE_STRIP = NO;
				DEBUG_INFORMATION_FORMAT = "dwarf-with-dsym";
				ENABLE_STRICT_OBJC_MSGSEND = YES;
				GCC_C_LANGUAGE_STANDARD = gnu99;
				GCC_DYNAMIC_NO_PIC = NO;
				GCC_NO_COMMON_BLOCKS = YES;
				GCC_OPTIMIZATION_LEVEL = 0;
				GCC_PREPROCESSOR_DEFINITIONS = (
					"DEBUG=1",
					"$(inherited)",
				);
				GCC_SYMBOLS_PRIVATE_EXTERN = NO;
				GCC_WARN_64_TO_32_BIT_CONVERSION = YES;
				GCC_WARN_ABOUT_RETURN_TYPE = YES_ERROR;
				GCC_WARN_UNDECLARED_SELECTOR = YES;
				GCC_WARN_UNINITIALIZED_AUTOS = YES_AGGRESSIVE;
				GCC_WARN_UNUSED_FUNCTION = YES;
				GCC_WARN_UNUSED_VARIABLE = YES;
				IPHONEOS_DEPLOYMENT_TARGET = 8.3;
				MTL_ENABLE_DEBUG_INFO = YES;
				ONLY_ACTIVE_ARCH = YES;
				SDKROOT = iphoneos;
				TARGETED_DEVICE_FAMILY = "1,2";
			};
			name = Debug;
		};
		7E2F13D21B1C301B00ADE1D5 /* Release */ = {
			isa = XCBuildConfiguration;
			buildSettings = {
				ALWAYS_SEARCH_USER_PATHS = NO;
				CLANG_CXX_LANGUAGE_STANDARD = "gnu++0x";
				CLANG_CXX_LIBRARY = "libc++";
				CLANG_ENABLE_MODULES = YES;
				CLANG_ENABLE_OBJC_ARC = YES;
				CLANG_WARN_BOOL_CONVERSION = YES;
				CLANG_WARN_CONSTANT_CONVERSION = YES;
				CLANG_WARN_DIRECT_OBJC_ISA_USAGE = YES_ERROR;
				CLANG_WARN_EMPTY_BODY = YES;
				CLANG_WARN_ENUM_CONVERSION = YES;
				CLANG_WARN_INT_CONVERSION = YES;
				CLANG_WARN_OBJC_ROOT_CLASS = YES_ERROR;
				CLANG_WARN_UNREACHABLE_CODE = YES;
				CLANG_WARN__DUPLICATE_METHOD_MATCH = YES;
				"CODE_SIGN_IDENTITY[sdk=iphoneos*]" = "iPhone Developer";
				COPY_PHASE_STRIP = NO;
				DEBUG_INFORMATION_FORMAT = "dwarf-with-dsym";
				ENABLE_NS_ASSERTIONS = NO;
				ENABLE_STRICT_OBJC_MSGSEND = YES;
				GCC_C_LANGUAGE_STANDARD = gnu99;
				GCC_NO_COMMON_BLOCKS = YES;
				GCC_WARN_64_TO_32_BIT_CONVERSION = YES;
				GCC_WARN_ABOUT_RETURN_TYPE = YES_ERROR;
				GCC_WARN_UNDECLARED_SELECTOR = YES;
				GCC_WARN_UNINITIALIZED_AUTOS = YES_AGGRESSIVE;
				GCC_WARN_UNUSED_FUNCTION = YES;
				GCC_WARN_UNUSED_VARIABLE = YES;
				IPHONEOS_DEPLOYMENT_TARGET = 8.3;
				MTL_ENABLE_DEBUG_INFO = NO;
				SDKROOT = iphoneos;
				TARGETED_DEVICE_FAMILY = "1,2";
				VALIDATE_PRODUCT = YES;
			};
			name = Release;
		};
		7E2F13D41B1C301B00ADE1D5 /* Debug */ = {
			isa = XCBuildConfiguration;
			buildSettings = {
				ASSETCATALOG_COMPILER_APPICON_NAME = AppIcon;
				CODE_SIGN_IDENTITY = "iPhone Developer";
				FRAMEWORK_SEARCH_PATHS = (
					"$(inherited)",
					"$(PROJECT_DIR)",
				);
				INFOPLIST_FILE = Ftracker/Info.plist;
				IPHONEOS_DEPLOYMENT_TARGET = 7.1;
				LD_RUNPATH_SEARCH_PATHS = "$(inherited) @executable_path/Frameworks";
				PRODUCT_NAME = "$(TARGET_NAME)";
				PROVISIONING_PROFILE = "42720614-52ca-430f-b258-1cfeec160574";
			};
			name = Debug;
		};
		7E2F13D51B1C301B00ADE1D5 /* Release */ = {
			isa = XCBuildConfiguration;
			buildSettings = {
				ASSETCATALOG_COMPILER_APPICON_NAME = AppIcon;
				CODE_SIGN_IDENTITY = "iPhone Developer";
				FRAMEWORK_SEARCH_PATHS = (
					"$(inherited)",
					"$(PROJECT_DIR)",
				);
				INFOPLIST_FILE = Ftracker/Info.plist;
				IPHONEOS_DEPLOYMENT_TARGET = 7.1;
				LD_RUNPATH_SEARCH_PATHS = "$(inherited) @executable_path/Frameworks";
				PRODUCT_NAME = "$(TARGET_NAME)";
				PROVISIONING_PROFILE = "42720614-52ca-430f-b258-1cfeec160574";
			};
			name = Release;
		};
		7E2F13D71B1C301B00ADE1D5 /* Debug */ = {
			isa = XCBuildConfiguration;
			buildSettings = {
				BUNDLE_LOADER = "$(TEST_HOST)";
				FRAMEWORK_SEARCH_PATHS = (
					"$(SDKROOT)/Developer/Library/Frameworks",
					"$(inherited)",
				);
				GCC_PREPROCESSOR_DEFINITIONS = (
					"DEBUG=1",
					"$(inherited)",
				);
				INFOPLIST_FILE = FtrackerTests/Info.plist;
				LD_RUNPATH_SEARCH_PATHS = "$(inherited) @executable_path/Frameworks @loader_path/Frameworks";
				PRODUCT_NAME = "$(TARGET_NAME)";
				TEST_HOST = "$(BUILT_PRODUCTS_DIR)/Ftracker.app/Ftracker";
			};
			name = Debug;
		};
		7E2F13D81B1C301B00ADE1D5 /* Release */ = {
			isa = XCBuildConfiguration;
			buildSettings = {
				BUNDLE_LOADER = "$(TEST_HOST)";
				FRAMEWORK_SEARCH_PATHS = (
					"$(SDKROOT)/Developer/Library/Frameworks",
					"$(inherited)",
				);
				INFOPLIST_FILE = FtrackerTests/Info.plist;
				LD_RUNPATH_SEARCH_PATHS = "$(inherited) @executable_path/Frameworks @loader_path/Frameworks";
				PRODUCT_NAME = "$(TARGET_NAME)";
				TEST_HOST = "$(BUILT_PRODUCTS_DIR)/Ftracker.app/Ftracker";
			};
			name = Release;
		};
/* End XCBuildConfiguration section */

/* Begin XCConfigurationList section */
		7E2F13AB1B1C301200ADE1D5 /* Build configuration list for PBXProject "Ftracker" */ = {
			isa = XCConfigurationList;
			buildConfigurations = (
				7E2F13D11B1C301B00ADE1D5 /* Debug */,
				7E2F13D21B1C301B00ADE1D5 /* Release */,
			);
			defaultConfigurationIsVisible = 0;
			defaultConfigurationName = Release;
		};
		7E2F13D31B1C301B00ADE1D5 /* Build configuration list for PBXNativeTarget "Ftracker" */ = {
			isa = XCConfigurationList;
			buildConfigurations = (
				7E2F13D41B1C301B00ADE1D5 /* Debug */,
				7E2F13D51B1C301B00ADE1D5 /* Release */,
			);
			defaultConfigurationIsVisible = 0;
			defaultConfigurationName = Release;
		};
		7E2F13D61B1C301B00ADE1D5 /* Build configuration list for PBXNativeTarget "FtrackerTests" */ = {
			isa = XCConfigurationList;
			buildConfigurations = (
				7E2F13D71B1C301B00ADE1D5 /* Debug */,
				7E2F13D81B1C301B00ADE1D5 /* Release */,
			);
			defaultConfigurationIsVisible = 0;
			defaultConfigurationName = Release;
		};
/* End XCConfigurationList section */
	};
	rootObject = 7E2F13A81B1C301200ADE1D5 /* Project object */;
}
